
Microsoft Visual Studio Solution File, Format Version 12.00
# Visual Studio 2012
Project("{FAE04EC0-301F-11D3-BF4B-00C04F79EFBC}") = "Naxam.Mapzen.Tangram", "Naxam.Mapzen.Tangram\Naxam.Mapzen.Tangram.csproj", "{C07B7F48-4508-4841-81FF-0362E65B45BC}"
EndProject
Global
	GlobalSection(SolutionConfigurationPlatforms) = preSolution
		Debug|Any CPU = Debug|Any CPU
		Release|Any CPU = Release|Any CPU
	EndGlobalSection
	GlobalSection(ProjectConfigurationPlatforms) = postSolution
		{C07B7F48-4508-4841-81FF-0362E65B45BC}.Debug|Any CPU.ActiveCfg = Debug|Any CPU
		{C07B7F48-4508-4841-81FF-0362E65B45BC}.Debug|Any CPU.Build.0 = Debug|Any CPU
		{C07B7F48-4508-4841-81FF-0362E65B45BC}.Release|Any CPU.ActiveCfg = Release|Any CPU
		{C07B7F48-4508-4841-81FF-0362E65B45BC}.Release|Any CPU.Build.0 = Release|Any CPU
	EndGlobalSection
EndGlobal
